
Microsoft Visual Studio Solution File, Format Version 12.00
# Visual Studio 15
VisualStudioVersion = 15.0.28010.2026
MinimumVisualStudioVersion = 10.0.40219.1
Project("{9A19103F-16F7-4668-BE54-9A1E7A4F7556}") = "tm_api", "tm_api\tm_api.csproj", "{8458518C-597D-41DB-A793-A4C550CC55E5}"
EndProject
Project("{FAE04EC0-301F-11D3-BF4B-00C04F79EFBC}") = "tm_mvc", "tm_mvc\tm_mvc.csproj", "{40392501-1A7D-4A00-A72A-FD360CE855F6}"
EndProject
Global
	GlobalSection(SolutionConfigurationPlatforms) = preSolution
		Debug|Any CPU = Debug|Any CPU
		Release|Any CPU = Release|Any CPU
	EndGlobalSection
	GlobalSection(ProjectConfigurationPlatforms) = postSolution
		{8458518C-597D-41DB-A793-A4C550CC55E5}.Debug|Any CPU.ActiveCfg = Debug|Any CPU
		{8458518C-597D-41DB-A793-A4C550CC55E5}.Debug|Any CPU.Build.0 = Debug|Any CPU
		{8458518C-597D-41DB-A793-A4C550CC55E5}.Release|Any CPU.ActiveCfg = Release|Any CPU
		{8458518C-597D-41DB-A793-A4C550CC55E5}.Release|Any CPU.Build.0 = Release|Any CPU
		{40392501-1A7D-4A00-A72A-FD360CE855F6}.Debug|Any CPU.ActiveCfg = Debug|Any CPU
		{40392501-1A7D-4A00-A72A-FD360CE855F6}.Debug|Any CPU.Build.0 = Debug|Any CPU
		{40392501-1A7D-4A00-A72A-FD360CE855F6}.Release|Any CPU.ActiveCfg = Release|Any CPU
		{40392501-1A7D-4A00-A72A-FD360CE855F6}.Release|Any CPU.Build.0 = Release|Any CPU
	EndGlobalSection
	GlobalSection(SolutionProperties) = preSolution
		HideSolutionNode = FALSE
	EndGlobalSection
	GlobalSection(ExtensibilityGlobals) = postSolution
		SolutionGuid = {7EA57E61-2FB0-4F60-8BB6-E2E2293B9148}
	EndGlobalSection
EndGlobal
